
Microsoft Visual Studio Solution File, Format Version 12.00
# Visual Studio Version 17
VisualStudioVersion = 17.1.32210.238
MinimumVisualStudioVersion = 10.0.40219.1
Project("{9A19103F-16F7-4668-BE54-9A1E7A4F7556}") = "Classes", "Classes\Classes.csproj", "{C7A05E71-F3EC-4693-83B6-38CBE421E7FA}"
EndProject
Project("{9A19103F-16F7-4668-BE54-9A1E7A4F7556}") = "Rectangle", "Rectangle\Rectangle.csproj", "{A5612C84-FA19-4FAA-B60C-2D0A6CB3B04F}"
EndProject
Project("{9A19103F-16F7-4668-BE54-9A1E7A4F7556}") = "Triangle", "Triangle\Triangle.csproj", "{176C1125-0000-426E-A722-AD55245E68FC}"
EndProject
Project("{9A19103F-16F7-4668-BE54-9A1E7A4F7556}") = "MedicalAppointment", "MedicalAppointment\MedicalAppointment.csproj", "{8C6019AE-627A-4B67-9201-7D5E62800B3F}"
EndProject
Project("{9A19103F-16F7-4668-BE54-9A1E7A4F7556}") = "TemplateCodingExercise", "TemplateCodingExercise\TemplateCodingExercise.csproj", "{29A42281-8A31-4941-AE6B-B50EE48A97A5}"
EndProject
Project("{FAE04EC0-301F-11D3-BF4B-00C04F79EFBC}") = "RefactorToSRP", "RefactorToSRP\RefactorToSRP.csproj", "{72450145-CBCA-41BE-96A2-475ADA5CA712}"
EndProject
Global
	GlobalSection(SolutionConfigurationPlatforms) = preSolution
		Debug|Any CPU = Debug|Any CPU
		Release|Any CPU = Release|Any CPU
	EndGlobalSection
	GlobalSection(ProjectConfigurationPlatforms) = postSolution
		{C7A05E71-F3EC-4693-83B6-38CBE421E7FA}.Debug|Any CPU.ActiveCfg = Debug|Any CPU
		{C7A05E71-F3EC-4693-83B6-38CBE421E7FA}.Debug|Any CPU.Build.0 = Debug|Any CPU
		{C7A05E71-F3EC-4693-83B6-38CBE421E7FA}.Release|Any CPU.ActiveCfg = Release|Any CPU
		{C7A05E71-F3EC-4693-83B6-38CBE421E7FA}.Release|Any CPU.Build.0 = Release|Any CPU
		{A5612C84-FA19-4FAA-B60C-2D0A6CB3B04F}.Debug|Any CPU.ActiveCfg = Debug|Any CPU
		{A5612C84-FA19-4FAA-B60C-2D0A6CB3B04F}.Debug|Any CPU.Build.0 = Debug|Any CPU
		{A5612C84-FA19-4FAA-B60C-2D0A6CB3B04F}.Release|Any CPU.ActiveCfg = Release|Any CPU
		{A5612C84-FA19-4FAA-B60C-2D0A6CB3B04F}.Release|Any CPU.Build.0 = Release|Any CPU
		{176C1125-0000-426E-A722-AD55245E68FC}.Debug|Any CPU.ActiveCfg = Debug|Any CPU
		{176C1125-0000-426E-A722-AD55245E68FC}.Debug|Any CPU.Build.0 = Debug|Any CPU
		{176C1125-0000-426E-A722-AD55245E68FC}.Release|Any CPU.ActiveCfg = Release|Any CPU
		{176C1125-0000-426E-A722-AD55245E68FC}.Release|Any CPU.Build.0 = Release|Any CPU
		{8C6019AE-627A-4B67-9201-7D5E62800B3F}.Debug|Any CPU.ActiveCfg = Debug|Any CPU
		{8C6019AE-627A-4B67-9201-7D5E62800B3F}.Debug|Any CPU.Build.0 = Debug|Any CPU
		{8C6019AE-627A-4B67-9201-7D5E62800B3F}.Release|Any CPU.ActiveCfg = Release|Any CPU
		{8C6019AE-627A-4B67-9201-7D5E62800B3F}.Release|Any CPU.Build.0 = Release|Any CPU
		{29A42281-8A31-4941-AE6B-B50EE48A97A5}.Debug|Any CPU.ActiveCfg = Debug|Any CPU
		{29A42281-8A31-4941-AE6B-B50EE48A97A5}.Debug|Any CPU.Build.0 = Debug|Any CPU
		{29A42281-8A31-4941-AE6B-B50EE48A97A5}.Release|Any CPU.ActiveCfg = Release|Any CPU
		{29A42281-8A31-4941-AE6B-B50EE48A97A5}.Release|Any CPU.Build.0 = Release|Any CPU
		{72450145-CBCA-41BE-96A2-475ADA5CA712}.Debug|Any CPU.ActiveCfg = Debug|Any CPU
		{72450145-CBCA-41BE-96A2-475ADA5CA712}.Debug|Any CPU.Build.0 = Debug|Any CPU
		{72450145-CBCA-41BE-96A2-475ADA5CA712}.Release|Any CPU.ActiveCfg = Release|Any CPU
		{72450145-CBCA-41BE-96A2-475ADA5CA712}.Release|Any CPU.Build.0 = Release|Any CPU
	EndGlobalSection
	GlobalSection(SolutionProperties) = preSolution
		HideSolutionNode = FALSE
	EndGlobalSection
	GlobalSection(ExtensibilityGlobals) = postSolution
		SolutionGuid = {599AB349-877A-4877-AAEB-E3CBCDA093F3}
	EndGlobalSection
EndGlobal
